// !$*UTF8*$!
{
	archiveVersion = 1;
	classes = {
	};
	objectVersion = 56;
	objects = {

/* Begin PBXBuildFile section */
		F07741AB28D992ED00D7C9A8 /* GalleryVC.swift in Sources */ = {isa = PBXBuildFile; fileRef = F07741AA28D992ED00D7C9A8 /* GalleryVC.swift */; };
		F07741AD28D9930600D7C9A8 /* GalleryVM.swift in Sources */ = {isa = PBXBuildFile; fileRef = F07741AC28D9930600D7C9A8 /* GalleryVM.swift */; };
		F07741AF28D9931A00D7C9A8 /* GalleryEntity.swift in Sources */ = {isa = PBXBuildFile; fileRef = F07741AE28D9931A00D7C9A8 /* GalleryEntity.swift */; };
		F07741B128D9932000D7C9A8 /* GalleryModel.swift in Sources */ = {isa = PBXBuildFile; fileRef = F07741B028D9932000D7C9A8 /* GalleryModel.swift */; };
		F07741B428D9934F00D7C9A8 /* GalleryCollectionView.swift in Sources */ = {isa = PBXBuildFile; fileRef = F07741B228D9934F00D7C9A8 /* GalleryCollectionView.swift */; };
		F07741B528D9934F00D7C9A8 /* GalleryCollectionView.xib in Resources */ = {isa = PBXBuildFile; fileRef = F07741B328D9934F00D7C9A8 /* GalleryCollectionView.xib */; };
		F07741B828D9ACFC00D7C9A8 /* Kingfisher in Frameworks */ = {isa = PBXBuildFile; productRef = F07741B728D9ACFC00D7C9A8 /* Kingfisher */; };
		F091D01628D8608900BC9A23 /* AppDelegate.swift in Sources */ = {isa = PBXBuildFile; fileRef = F091D01528D8608900BC9A23 /* AppDelegate.swift */; };
		F091D01828D8608900BC9A23 /* SceneDelegate.swift in Sources */ = {isa = PBXBuildFile; fileRef = F091D01728D8608900BC9A23 /* SceneDelegate.swift */; };
		F091D01A28D8608900BC9A23 /* PostListViewController.swift in Sources */ = {isa = PBXBuildFile; fileRef = F091D01928D8608900BC9A23 /* PostListViewController.swift */; };
		F091D01D28D8608900BC9A23 /* Main.storyboard in Resources */ = {isa = PBXBuildFile; fileRef = F091D01B28D8608900BC9A23 /* Main.storyboard */; };
		F091D02028D8608900BC9A23 /* ToDoList.xcdatamodeld in Sources */ = {isa = PBXBuildFile; fileRef = F091D01E28D8608900BC9A23 /* ToDoList.xcdatamodeld */; };
		F091D02228D8608900BC9A23 /* Assets.xcassets in Resources */ = {isa = PBXBuildFile; fileRef = F091D02128D8608900BC9A23 /* Assets.xcassets */; };
		F091D02528D8608900BC9A23 /* LaunchScreen.storyboard in Resources */ = {isa = PBXBuildFile; fileRef = F091D02328D8608900BC9A23 /* LaunchScreen.storyboard */; };
		F091D02D28D884DA00BC9A23 /* WelcomeVC.swift in Sources */ = {isa = PBXBuildFile; fileRef = F091D02C28D884DA00BC9A23 /* WelcomeVC.swift */; };
		F091D03128D88D8200BC9A23 /* PostListViewModel.swift in Sources */ = {isa = PBXBuildFile; fileRef = F091D03028D88D8200BC9A23 /* PostListViewModel.swift */; };
		F091D03328D88E3900BC9A23 /* PostListModel.swift in Sources */ = {isa = PBXBuildFile; fileRef = F091D03228D88E3900BC9A23 /* PostListModel.swift */; };
		F091D03528D8923A00BC9A23 /* PostListEntity.swift in Sources */ = {isa = PBXBuildFile; fileRef = F091D03428D8923A00BC9A23 /* PostListEntity.swift */; };
		F091D03828D8943C00BC9A23 /* PostListTableViewCell.swift in Sources */ = {isa = PBXBuildFile; fileRef = F091D03628D8943C00BC9A23 /* PostListTableViewCell.swift */; };
		F091D03928D8943C00BC9A23 /* PostListTableViewCell.xib in Resources */ = {isa = PBXBuildFile; fileRef = F091D03728D8943C00BC9A23 /* PostListTableViewCell.xib */; };
		F091D03D28D8DBD000BC9A23 /* TabBarController.swift in Sources */ = {isa = PBXBuildFile; fileRef = F091D03C28D8DBD000BC9A23 /* TabBarController.swift */; };
/* End PBXBuildFile section */

/* Begin PBXFileReference section */
		F07741AA28D992ED00D7C9A8 /* GalleryVC.swift */ = {isa = PBXFileReference; lastKnownFileType = sourcecode.swift; path = GalleryVC.swift; sourceTree = "<group>"; };
		F07741AC28D9930600D7C9A8 /* GalleryVM.swift */ = {isa = PBXFileReference; lastKnownFileType = sourcecode.swift; path = GalleryVM.swift; sourceTree = "<group>"; };
		F07741AE28D9931A00D7C9A8 /* GalleryEntity.swift */ = {isa = PBXFileReference; lastKnownFileType = sourcecode.swift; path = GalleryEntity.swift; sourceTree = "<group>"; };
		F07741B028D9932000D7C9A8 /* GalleryModel.swift */ = {isa = PBXFileReference; lastKnownFileType = sourcecode.swift; path = GalleryModel.swift; sourceTree = "<group>"; };
		F07741B228D9934F00D7C9A8 /* GalleryCollectionView.swift */ = {isa = PBXFileReference; lastKnownFileType = sourcecode.swift; path = GalleryCollectionView.swift; sourceTree = "<group>"; };
		F07741B328D9934F00D7C9A8 /* GalleryCollectionView.xib */ = {isa = PBXFileReference; lastKnownFileType = file.xib; path = GalleryCollectionView.xib; sourceTree = "<group>"; };
		F091D01228D8608900BC9A23 /* ToDoList.app */ = {isa = PBXFileReference; explicitFileType = wrapper.application; includeInIndex = 0; path = ToDoList.app; sourceTree = BUILT_PRODUCTS_DIR; };
		F091D01528D8608900BC9A23 /* AppDelegate.swift */ = {isa = PBXFileReference; lastKnownFileType = sourcecode.swift; path = AppDelegate.swift; sourceTree = "<group>"; };
		F091D01728D8608900BC9A23 /* SceneDelegate.swift */ = {isa = PBXFileReference; lastKnownFileType = sourcecode.swift; path = SceneDelegate.swift; sourceTree = "<group>"; };
		F091D01928D8608900BC9A23 /* PostListViewController.swift */ = {isa = PBXFileReference; lastKnownFileType = sourcecode.swift; path = PostListViewController.swift; sourceTree = "<group>"; };
		F091D01C28D8608900BC9A23 /* Base */ = {isa = PBXFileReference; lastKnownFileType = file.storyboard; name = Base; path = Base.lproj/Main.storyboard; sourceTree = "<group>"; };
		F091D01F28D8608900BC9A23 /* ToDoList.xcdatamodel */ = {isa = PBXFileReference; lastKnownFileType = wrapper.xcdatamodel; path = ToDoList.xcdatamodel; sourceTree = "<group>"; };
		F091D02128D8608900BC9A23 /* Assets.xcassets */ = {isa = PBXFileReference; lastKnownFileType = folder.assetcatalog; path = Assets.xcassets; sourceTree = "<group>"; };
		F091D02428D8608900BC9A23 /* Base */ = {isa = PBXFileReference; lastKnownFileType = file.storyboard; name = Base; path = Base.lproj/LaunchScreen.storyboard; sourceTree = "<group>"; };
		F091D02628D8608900BC9A23 /* Info.plist */ = {isa = PBXFileReference; lastKnownFileType = text.plist.xml; path = Info.plist; sourceTree = "<group>"; };
		F091D02C28D884DA00BC9A23 /* WelcomeVC.swift */ = {isa = PBXFileReference; lastKnownFileType = sourcecode.swift; path = WelcomeVC.swift; sourceTree = "<group>"; };
		F091D03028D88D8200BC9A23 /* PostListViewModel.swift */ = {isa = PBXFileReference; lastKnownFileType = sourcecode.swift; path = PostListViewModel.swift; sourceTree = "<group>"; };
		F091D03228D88E3900BC9A23 /* PostListModel.swift */ = {isa = PBXFileReference; lastKnownFileType = sourcecode.swift; path = PostListModel.swift; sourceTree = "<group>"; };
		F091D03428D8923A00BC9A23 /* PostListEntity.swift */ = {isa = PBXFileReference; lastKnownFileType = sourcecode.swift; path = PostListEntity.swift; sourceTree = "<group>"; };
		F091D03628D8943C00BC9A23 /* PostListTableViewCell.swift */ = {isa = PBXFileReference; lastKnownFileType = sourcecode.swift; path = PostListTableViewCell.swift; sourceTree = "<group>"; };
		F091D03728D8943C00BC9A23 /* PostListTableViewCell.xib */ = {isa = PBXFileReference; lastKnownFileType = file.xib; path = PostListTableViewCell.xib; sourceTree = "<group>"; };
		F091D03C28D8DBD000BC9A23 /* TabBarController.swift */ = {isa = PBXFileReference; lastKnownFileType = sourcecode.swift; path = TabBarController.swift; sourceTree = "<group>"; };
/* End PBXFileReference section */

/* Begin PBXFrameworksBuildPhase section */
		F091D00F28D8608900BC9A23 /* Frameworks */ = {
			isa = PBXFrameworksBuildPhase;
			buildActionMask = 2147483647;
			files = (
				F07741B828D9ACFC00D7C9A8 /* Kingfisher in Frameworks */,
			);
			runOnlyForDeploymentPostprocessing = 0;
		};
/* End PBXFrameworksBuildPhase section */

/* Begin PBXGroup section */
		F07741A728D992B400D7C9A8 /* View */ = {
			isa = PBXGroup;
			children = (
				F07741AA28D992ED00D7C9A8 /* GalleryVC.swift */,
				F07741B228D9934F00D7C9A8 /* GalleryCollectionView.swift */,
				F07741B328D9934F00D7C9A8 /* GalleryCollectionView.xib */,
			);
			path = View;
			sourceTree = "<group>";
		};
		F07741A828D992C400D7C9A8 /* VM */ = {
			isa = PBXGroup;
			children = (
				F07741AC28D9930600D7C9A8 /* GalleryVM.swift */,
			);
			path = VM;
			sourceTree = "<group>";
		};
		F07741A928D992CF00D7C9A8 /* Model */ = {
			isa = PBXGroup;
			children = (
				F07741B028D9932000D7C9A8 /* GalleryModel.swift */,
				F07741AE28D9931A00D7C9A8 /* GalleryEntity.swift */,
			);
			path = Model;
			sourceTree = "<group>";
		};
		F091D00928D8608900BC9A23 = {
			isa = PBXGroup;
			children = (
				F091D01428D8608900BC9A23 /* ToDoList */,
				F091D01328D8608900BC9A23 /* Products */,
			);
			sourceTree = "<group>";
		};
		F091D01328D8608900BC9A23 /* Products */ = {
			isa = PBXGroup;
			children = (
				F091D01228D8608900BC9A23 /* ToDoList.app */,
			);
			name = Products;
			sourceTree = "<group>";
		};
		F091D01428D8608900BC9A23 /* ToDoList */ = {
			isa = PBXGroup;
			children = (
				F091D04028D8FFB100BC9A23 /* Todo */,
				F091D03F28D8FFA900BC9A23 /* Gallery */,
				F091D03E28D8FE7A00BC9A23 /* Post */,
				F091D02F28D88CD000BC9A23 /* Supports */,
				F091D01B28D8608900BC9A23 /* Main.storyboard */,
				F091D02328D8608900BC9A23 /* LaunchScreen.storyboard */,
				F091D02628D8608900BC9A23 /* Info.plist */,
				F091D01E28D8608900BC9A23 /* ToDoList.xcdatamodeld */,
			);
			path = ToDoList;
			sourceTree = "<group>";
		};
		F091D02E28D88CB400BC9A23 /* View */ = {
			isa = PBXGroup;
			children = (
				F091D01928D8608900BC9A23 /* PostListViewController.swift */,
				F091D02C28D884DA00BC9A23 /* WelcomeVC.swift */,
				F091D03628D8943C00BC9A23 /* PostListTableViewCell.swift */,
				F091D03728D8943C00BC9A23 /* PostListTableViewCell.xib */,
				F091D03C28D8DBD000BC9A23 /* TabBarController.swift */,
			);
			path = View;
			sourceTree = "<group>";
		};
		F091D02F28D88CD000BC9A23 /* Supports */ = {
			isa = PBXGroup;
			children = (
				F091D02128D8608900BC9A23 /* Assets.xcassets */,
				F091D01528D8608900BC9A23 /* AppDelegate.swift */,
				F091D01728D8608900BC9A23 /* SceneDelegate.swift */,
			);
			path = Supports;
			sourceTree = "<group>";
		};
		F091D03A28D8D7BD00BC9A23 /* VM */ = {
			isa = PBXGroup;
			children = (
				F091D03028D88D8200BC9A23 /* PostListViewModel.swift */,
			);
			path = VM;
			sourceTree = "<group>";
		};
		F091D03B28D8D7D300BC9A23 /* Model */ = {
			isa = PBXGroup;
			children = (
				F091D03228D88E3900BC9A23 /* PostListModel.swift */,
				F091D03428D8923A00BC9A23 /* PostListEntity.swift */,
			);
			path = Model;
			sourceTree = "<group>";
		};
		F091D03E28D8FE7A00BC9A23 /* Post */ = {
			isa = PBXGroup;
			children = (
				F091D02E28D88CB400BC9A23 /* View */,
				F091D03A28D8D7BD00BC9A23 /* VM */,
				F091D03B28D8D7D300BC9A23 /* Model */,
			);
			path = Post;
			sourceTree = "<group>";
		};
		F091D03F28D8FFA900BC9A23 /* Gallery */ = {
			isa = PBXGroup;
			children = (
				F07741A728D992B400D7C9A8 /* View */,
				F07741A828D992C400D7C9A8 /* VM */,
				F07741A928D992CF00D7C9A8 /* Model */,
			);
			path = Gallery;
			sourceTree = "<group>";
		};
		F091D04028D8FFB100BC9A23 /* Todo */ = {
			isa = PBXGroup;
			children = (
			);
			path = Todo;
			sourceTree = "<group>";
		};
/* End PBXGroup section */

/* Begin PBXNativeTarget section */
		F091D01128D8608900BC9A23 /* ToDoList */ = {
			isa = PBXNativeTarget;
			buildConfigurationList = F091D02928D8608900BC9A23 /* Build configuration list for PBXNativeTarget "ToDoList" */;
			buildPhases = (
				F091D00E28D8608900BC9A23 /* Sources */,
				F091D00F28D8608900BC9A23 /* Frameworks */,
				F091D01028D8608900BC9A23 /* Resources */,
			);
			buildRules = (
			);
			dependencies = (
			);
			name = ToDoList;
			packageProductDependencies = (
				F07741B728D9ACFC00D7C9A8 /* Kingfisher */,
			);
			productName = ToDoList;
			productReference = F091D01228D8608900BC9A23 /* ToDoList.app */;
			productType = "com.apple.product-type.application";
		};
/* End PBXNativeTarget section */

/* Begin PBXProject section */
		F091D00A28D8608900BC9A23 /* Project object */ = {
			isa = PBXProject;
			attributes = {
				BuildIndependentTargetsInParallel = 1;
				LastSwiftUpdateCheck = 1400;
				LastUpgradeCheck = 1400;
				TargetAttributes = {
					F091D01128D8608900BC9A23 = {
						CreatedOnToolsVersion = 14.0;
					};
				};
			};
			buildConfigurationList = F091D00D28D8608900BC9A23 /* Build configuration list for PBXProject "ToDoList" */;
			compatibilityVersion = "Xcode 14.0";
			developmentRegion = en;
			hasScannedForEncodings = 0;
			knownRegions = (
				en,
				Base,
			);
			mainGroup = F091D00928D8608900BC9A23;
			packageReferences = (
				F07741B628D9ACFC00D7C9A8 /* XCRemoteSwiftPackageReference "Kingfisher" */,
			);
			productRefGroup = F091D01328D8608900BC9A23 /* Products */;
			projectDirPath = "";
			projectRoot = "";
			targets = (
				F091D01128D8608900BC9A23 /* ToDoList */,
			);
		};
/* End PBXProject section */

/* Begin PBXResourcesBuildPhase section */
		F091D01028D8608900BC9A23 /* Resources */ = {
			isa = PBXResourcesBuildPhase;
			buildActionMask = 2147483647;
			files = (
				F091D02528D8608900BC9A23 /* LaunchScreen.storyboard in Resources */,
				F091D02228D8608900BC9A23 /* Assets.xcassets in Resources */,
				F091D01D28D8608900BC9A23 /* Main.storyboard in Resources */,
				F091D03928D8943C00BC9A23 /* PostListTableViewCell.xib in Resources */,
				F07741B528D9934F00D7C9A8 /* GalleryCollectionView.xib in Resources */,
			);
			runOnlyForDeploymentPostprocessing = 0;
		};
/* End PBXResourcesBuildPhase section */

/* Begin PBXSourcesBuildPhase section */
		F091D00E28D8608900BC9A23 /* Sources */ = {
			isa = PBXSourcesBuildPhase;
			buildActionMask = 2147483647;
			files = (
				F091D01A28D8608900BC9A23 /* PostListViewController.swift in Sources */,
				F091D03328D88E3900BC9A23 /* PostListModel.swift in Sources */,
				F091D03828D8943C00BC9A23 /* PostListTableViewCell.swift in Sources */,
				F07741B428D9934F00D7C9A8 /* GalleryCollectionView.swift in Sources */,
				F091D03D28D8DBD000BC9A23 /* TabBarController.swift in Sources */,
				F07741AB28D992ED00D7C9A8 /* GalleryVC.swift in Sources */,
				F091D02D28D884DA00BC9A23 /* WelcomeVC.swift in Sources */,
				F091D03128D88D8200BC9A23 /* PostListViewModel.swift in Sources */,
				F07741B128D9932000D7C9A8 /* GalleryModel.swift in Sources */,
				F091D01628D8608900BC9A23 /* AppDelegate.swift in Sources */,
				F091D01828D8608900BC9A23 /* SceneDelegate.swift in Sources */,
				F091D03528D8923A00BC9A23 /* PostListEntity.swift in Sources */,
				F07741AF28D9931A00D7C9A8 /* GalleryEntity.swift in Sources */,
				F07741AD28D9930600D7C9A8 /* GalleryVM.swift in Sources */,
				F091D02028D8608900BC9A23 /* ToDoList.xcdatamodeld in Sources */,
			);
			runOnlyForDeploymentPostprocessing = 0;
		};
/* End PBXSourcesBuildPhase section */

/* Begin PBXVariantGroup section */
		F091D01B28D8608900BC9A23 /* Main.storyboard */ = {
			isa = PBXVariantGroup;
			children = (
				F091D01C28D8608900BC9A23 /* Base */,
			);
			name = Main.storyboard;
			sourceTree = "<group>";
		};
		F091D02328D8608900BC9A23 /* LaunchScreen.storyboard */ = {
			isa = PBXVariantGroup;
			children = (
				F091D02428D8608900BC9A23 /* Base */,
			);
			name = LaunchScreen.storyboard;
			sourceTree = "<group>";
		};
/* End PBXVariantGroup section */

/* Begin XCBuildConfiguration section */
		F091D02728D8608900BC9A23 /* Debug */ = {
			isa = XCBuildConfiguration;
			buildSettings = {
				ALWAYS_SEARCH_USER_PATHS = NO;
				CLANG_ANALYZER_NONNULL = YES;
				CLANG_ANALYZER_NUMBER_OBJECT_CONVERSION = YES_AGGRESSIVE;
				CLANG_CXX_LANGUAGE_STANDARD = "gnu++20";
				CLANG_ENABLE_MODULES = YES;
				CLANG_ENABLE_OBJC_ARC = YES;
				CLANG_ENABLE_OBJC_WEAK = YES;
				CLANG_WARN_BLOCK_CAPTURE_AUTORELEASING = YES;
				CLANG_WARN_BOOL_CONVERSION = YES;
				CLANG_WARN_COMMA = YES;
				CLANG_WARN_CONSTANT_CONVERSION = YES;
				CLANG_WARN_DEPRECATED_OBJC_IMPLEMENTATIONS = YES;
				CLANG_WARN_DIRECT_OBJC_ISA_USAGE = YES_ERROR;
				CLANG_WARN_DOCUMENTATION_COMMENTS = YES;
				CLANG_WARN_EMPTY_BODY = YES;
				CLANG_WARN_ENUM_CONVERSION = YES;
				CLANG_WARN_INFINITE_RECURSION = YES;
				CLANG_WARN_INT_CONVERSION = YES;
				CLANG_WARN_NON_LITERAL_NULL_CONVERSION = YES;
				CLANG_WARN_OBJC_IMPLICIT_RETAIN_SELF = YES;
				CLANG_WARN_OBJC_LITERAL_CONVERSION = YES;
				CLANG_WARN_OBJC_ROOT_CLASS = YES_ERROR;
				CLANG_WARN_QUOTED_INCLUDE_IN_FRAMEWORK_HEADER = YES;
				CLANG_WARN_RANGE_LOOP_ANALYSIS = YES;
				CLANG_WARN_STRICT_PROTOTYPES = YES;
				CLANG_WARN_SUSPICIOUS_MOVE = YES;
				CLANG_WARN_UNGUARDED_AVAILABILITY = YES_AGGRESSIVE;
				CLANG_WARN_UNREACHABLE_CODE = YES;
				CLANG_WARN__DUPLICATE_METHOD_MATCH = YES;
				COPY_PHASE_STRIP = NO;
				DEBUG_INFORMATION_FORMAT = dwarf;
				ENABLE_STRICT_OBJC_MSGSEND = YES;
				ENABLE_TESTABILITY = YES;
				GCC_C_LANGUAGE_STANDARD = gnu11;
				GCC_DYNAMIC_NO_PIC = NO;
				GCC_NO_COMMON_BLOCKS = YES;
				GCC_OPTIMIZATION_LEVEL = 0;
				GCC_PREPROCESSOR_DEFINITIONS = (
					"DEBUG=1",
					"$(inherited)",
				);
				GCC_WARN_64_TO_32_BIT_CONVERSION = YES;
				GCC_WARN_ABOUT_RETURN_TYPE = YES_ERROR;
				GCC_WARN_UNDECLARED_SELECTOR = YES;
				GCC_WARN_UNINITIALIZED_AUTOS = YES_AGGRESSIVE;
				GCC_WARN_UNUSED_FUNCTION = YES;
				GCC_WARN_UNUSED_VARIABLE = YES;
				IPHONEOS_DEPLOYMENT_TARGET = 16.0;
				MTL_ENABLE_DEBUG_INFO = INCLUDE_SOURCE;
				MTL_FAST_MATH = YES;
				ONLY_ACTIVE_ARCH = YES;
				SDKROOT = iphoneos;
				SWIFT_ACTIVE_COMPILATION_CONDITIONS = DEBUG;
				SWIFT_OPTIMIZATION_LEVEL = "-Onone";
			};
			name = Debug;
		};
		F091D02828D8608900BC9A23 /* Release */ = {
			isa = XCBuildConfiguration;
			buildSettings = {
				ALWAYS_SEARCH_USER_PATHS = NO;
				CLANG_ANALYZER_NONNULL = YES;
				CLANG_ANALYZER_NUMBER_OBJECT_CONVERSION = YES_AGGRESSIVE;
				CLANG_CXX_LANGUAGE_STANDARD = "gnu++20";
				CLANG_ENABLE_MODULES = YES;
				CLANG_ENABLE_OBJC_ARC = YES;
				CLANG_ENABLE_OBJC_WEAK = YES;
				CLANG_WARN_BLOCK_CAPTURE_AUTORELEASING = YES;
				CLANG_WARN_BOOL_CONVERSION = YES;
				CLANG_WARN_COMMA = YES;
				CLANG_WARN_CONSTANT_CONVERSION = YES;
				CLANG_WARN_DEPRECATED_OBJC_IMPLEMENTATIONS = YES;
				CLANG_WARN_DIRECT_OBJC_ISA_USAGE = YES_ERROR;
				CLANG_WARN_DOCUMENTATION_COMMENTS = YES;
				CLANG_WARN_EMPTY_BODY = YES;
				CLANG_WARN_ENUM_CONVERSION = YES;
				CLANG_WARN_INFINITE_RECURSION = YES;
				CLANG_WARN_INT_CONVERSION = YES;
				CLANG_WARN_NON_LITERAL_NULL_CONVERSION = YES;
				CLANG_WARN_OBJC_IMPLICIT_RETAIN_SELF = YES;
				CLANG_WARN_OBJC_LITERAL_CONVERSION = YES;
				CLANG_WARN_OBJC_ROOT_CLASS = YES_ERROR;
				CLANG_WARN_QUOTED_INCLUDE_IN_FRAMEWORK_HEADER = YES;
				CLANG_WARN_RANGE_LOOP_ANALYSIS = YES;
				CLANG_WARN_STRICT_PROTOTYPES = YES;
				CLANG_WARN_SUSPICIOUS_MOVE = YES;
				CLANG_WARN_UNGUARDED_AVAILABILITY = YES_AGGRESSIVE;
				CLANG_WARN_UNREACHABLE_CODE = YES;
				CLANG_WARN__DUPLICATE_METHOD_MATCH = YES;
				COPY_PHASE_STRIP = NO;
				DEBUG_INFORMATION_FORMAT = "dwarf-with-dsym";
				ENABLE_NS_ASSERTIONS = NO;
				ENABLE_STRICT_OBJC_MSGSEND = YES;
				GCC_C_LANGUAGE_STANDARD = gnu11;
				GCC_NO_COMMON_BLOCKS = YES;
				GCC_WARN_64_TO_32_BIT_CONVERSION = YES;
				GCC_WARN_ABOUT_RETURN_TYPE = YES_ERROR;
				GCC_WARN_UNDECLARED_SELECTOR = YES;
				GCC_WARN_UNINITIALIZED_AUTOS = YES_AGGRESSIVE;
				GCC_WARN_UNUSED_FUNCTION = YES;
				GCC_WARN_UNUSED_VARIABLE = YES;
				IPHONEOS_DEPLOYMENT_TARGET = 16.0;
				MTL_ENABLE_DEBUG_INFO = NO;
				MTL_FAST_MATH = YES;
				SDKROOT = iphoneos;
				SWIFT_COMPILATION_MODE = wholemodule;
				SWIFT_OPTIMIZATION_LEVEL = "-O";
				VALIDATE_PRODUCT = YES;
			};
			name = Release;
		};
		F091D02A28D8608900BC9A23 /* Debug */ = {
			isa = XCBuildConfiguration;
			buildSettings = {
				ASSETCATALOG_COMPILER_APPICON_NAME = AppIcon;
				ASSETCATALOG_COMPILER_GLOBAL_ACCENT_COLOR_NAME = AccentColor;
				CODE_SIGN_STYLE = Automatic;
				CURRENT_PROJECT_VERSION = 1;
				DEVELOPMENT_TEAM = 9U6F2PV66P;
				GENERATE_INFOPLIST_FILE = YES;
				INFOPLIST_FILE = ToDoList/Info.plist;
				INFOPLIST_KEY_CFBundleDisplayName = "To Do List";
				INFOPLIST_KEY_UIApplicationSupportsIndirectInputEvents = YES;
				INFOPLIST_KEY_UILaunchStoryboardName = LaunchScreen;
				INFOPLIST_KEY_UIMainStoryboardFile = Main;
				INFOPLIST_KEY_UISupportedInterfaceOrientations = UIInterfaceOrientationPortrait;
				IPHONEOS_DEPLOYMENT_TARGET = 15.5;
				LD_RUNPATH_SEARCH_PATHS = (
					"$(inherited)",
					"@executable_path/Frameworks",
				);
				MARKETING_VERSION = 1.0;
				PRODUCT_BUNDLE_IDENTIFIER = com.berkayyalcin.ToDoList;
				PRODUCT_NAME = "$(TARGET_NAME)";
				SWIFT_EMIT_LOC_STRINGS = YES;
				SWIFT_VERSION = 5.0;
				TARGETED_DEVICE_FAMILY = "1,2";
			};
			name = Debug;
		};
		F091D02B28D8608900BC9A23 /* Release */ = {
			isa = XCBuildConfiguration;
			buildSettings = {
				ASSETCATALOG_COMPILER_APPICON_NAME = AppIcon;
				ASSETCATALOG_COMPILER_GLOBAL_ACCENT_COLOR_NAME = AccentColor;
				CODE_SIGN_STYLE = Automatic;
				CURRENT_PROJECT_VERSION = 1;
				DEVELOPMENT_TEAM = 9U6F2PV66P;
				GENERATE_INFOPLIST_FILE = YES;
				INFOPLIST_FILE = ToDoList/Info.plist;
				INFOPLIST_KEY_CFBundleDisplayName = "To Do List";
				INFOPLIST_KEY_UIApplicationSupportsIndirectInputEvents = YES;
				INFOPLIST_KEY_UILaunchStoryboardName = LaunchScreen;
				INFOPLIST_KEY_UIMainStoryboardFile = Main;
				INFOPLIST_KEY_UISupportedInterfaceOrientations = UIInterfaceOrientationPortrait;
				IPHONEOS_DEPLOYMENT_TARGET = 15.5;
				LD_RUNPATH_SEARCH_PATHS = (
					"$(inherited)",
					"@executable_path/Frameworks",
				);
				MARKETING_VERSION = 1.0;
				PRODUCT_BUNDLE_IDENTIFIER = com.berkayyalcin.ToDoList;
				PRODUCT_NAME = "$(TARGET_NAME)";
				SWIFT_EMIT_LOC_STRINGS = YES;
				SWIFT_VERSION = 5.0;
				TARGETED_DEVICE_FAMILY = "1,2";
			};
			name = Release;
		};
/* End XCBuildConfiguration section */

/* Begin XCConfigurationList section */
		F091D00D28D8608900BC9A23 /* Build configuration list for PBXProject "ToDoList" */ = {
			isa = XCConfigurationList;
			buildConfigurations = (
				F091D02728D8608900BC9A23 /* Debug */,
				F091D02828D8608900BC9A23 /* Release */,
			);
			defaultConfigurationIsVisible = 0;
			defaultConfigurationName = Release;
		};
		F091D02928D8608900BC9A23 /* Build configuration list for PBXNativeTarget "ToDoList" */ = {
			isa = XCConfigurationList;
			buildConfigurations = (
				F091D02A28D8608900BC9A23 /* Debug */,
				F091D02B28D8608900BC9A23 /* Release */,
			);
			defaultConfigurationIsVisible = 0;
			defaultConfigurationName = Release;
		};
/* End XCConfigurationList section */

/* Begin XCRemoteSwiftPackageReference section */
		F07741B628D9ACFC00D7C9A8 /* XCRemoteSwiftPackageReference "Kingfisher" */ = {
			isa = XCRemoteSwiftPackageReference;
			repositoryURL = "https://github.com/onevcat/Kingfisher";
			requirement = {
				branch = master;
				kind = branch;
			};
		};
/* End XCRemoteSwiftPackageReference section */

/* Begin XCSwiftPackageProductDependency section */
		F07741B728D9ACFC00D7C9A8 /* Kingfisher */ = {
			isa = XCSwiftPackageProductDependency;
			package = F07741B628D9ACFC00D7C9A8 /* XCRemoteSwiftPackageReference "Kingfisher" */;
			productName = Kingfisher;
		};
/* End XCSwiftPackageProductDependency section */

/* Begin XCVersionGroup section */
		F091D01E28D8608900BC9A23 /* ToDoList.xcdatamodeld */ = {
			isa = XCVersionGroup;
			children = (
				F091D01F28D8608900BC9A23 /* ToDoList.xcdatamodel */,
			);
			currentVersion = F091D01F28D8608900BC9A23 /* ToDoList.xcdatamodel */;
			path = ToDoList.xcdatamodeld;
			sourceTree = "<group>";
			versionGroupType = wrapper.xcdatamodel;
		};
/* End XCVersionGroup section */
	};
	rootObject = F091D00A28D8608900BC9A23 /* Project object */;
}
